// !$*UTF8*$!
{
	archiveVersion = 1;
	classes = {
	};
	objectVersion = 77;
	objects = {

/* Begin PBXBuildFile section */
		D0675C5B2E8DC1F7009FDCFD /* SDWebImageSwiftUI in Frameworks */ = {isa = PBXBuildFile; productRef = D0675C5A2E8DC1F7009FDCFD /* SDWebImageSwiftUI */; };
		D0675C5E2E8DC264009FDCFD /* FirebaseAnalytics in Frameworks */ = {isa = PBXBuildFile; productRef = D0675C5D2E8DC264009FDCFD /* FirebaseAnalytics */; };
		D0675C602E8DC264009FDCFD /* FirebaseAppCheck in Frameworks */ = {isa = PBXBuildFile; productRef = D0675C5F2E8DC264009FDCFD /* FirebaseAppCheck */; };
		D0675C622E8DC264009FDCFD /* FirebaseAuth in Frameworks */ = {isa = PBXBuildFile; productRef = D0675C612E8DC264009FDCFD /* FirebaseAuth */; };
		D0675C642E8DC264009FDCFD /* FirebaseCore in Frameworks */ = {isa = PBXBuildFile; productRef = D0675C632E8DC264009FDCFD /* FirebaseCore */; };
		D0675C662E8DC264009FDCFD /* FirebaseCrashlytics in Frameworks */ = {isa = PBXBuildFile; productRef = D0675C652E8DC264009FDCFD /* FirebaseCrashlytics */; };
		D0675C682E8DC264009FDCFD /* FirebaseFirestore in Frameworks */ = {isa = PBXBuildFile; productRef = D0675C672E8DC264009FDCFD /* FirebaseFirestore */; };
		D0675C6A2E8DC264009FDCFD /* FirebaseFunctions in Frameworks */ = {isa = PBXBuildFile; productRef = D0675C692E8DC264009FDCFD /* FirebaseFunctions */; };
		D0675C6C2E8DC264009FDCFD /* FirebaseStorage in Frameworks */ = {isa = PBXBuildFile; productRef = D0675C6B2E8DC264009FDCFD /* FirebaseStorage */; };
		D0675C6F2E8DC2C3009FDCFD /* SwiftfulUtilities in Frameworks */ = {isa = PBXBuildFile; productRef = D0675C6E2E8DC2C3009FDCFD /* SwiftfulUtilities */; };
		D0675C722E8DC2DF009FDCFD /* SwiftfulFirestore in Frameworks */ = {isa = PBXBuildFile; productRef = D0675C712E8DC2DF009FDCFD /* SwiftfulFirestore */; };
		D0675C752E8DC35E009FDCFD /* SignInAppleAsync in Frameworks */ = {isa = PBXBuildFile; productRef = D0675C742E8DC35E009FDCFD /* SignInAppleAsync */; };
		D0675C782E8DC3A2009FDCFD /* OpenAI in Frameworks */ = {isa = PBXBuildFile; productRef = D0675C772E8DC3A2009FDCFD /* OpenAI */; };
		D0675DBE2E8DC878009FDCFD /* Mixpanel in Frameworks */ = {isa = PBXBuildFile; productRef = D0675DBD2E8DC878009FDCFD /* Mixpanel */; };
		D08F584A2E8BF61B001D3980 /* WidgetKit.framework in Frameworks */ = {isa = PBXBuildFile; fileRef = D08F58492E8BF61B001D3980 /* WidgetKit.framework */; };
		D08F584C2E8BF61B001D3980 /* SwiftUI.framework in Frameworks */ = {isa = PBXBuildFile; fileRef = D08F584B2E8BF61B001D3980 /* SwiftUI.framework */; };
		D08F58572E8BF61D001D3980 /* WorkoutSessionActivityExtension.appex in Embed Foundation Extensions */ = {isa = PBXBuildFile; fileRef = D08F58482E8BF61B001D3980 /* WorkoutSessionActivityExtension.appex */; platformFilter = ios; settings = {ATTRIBUTES = (RemoveHeadersOnCopy, ); }; };
		D08F58622E8BF677001D3980 /* WorkoutActivityAttributes.swift in Sources */ = {isa = PBXBuildFile; fileRef = D08F58612E8BF65F001D3980 /* WorkoutActivityAttributes.swift */; };
		D08F58632E8BF677001D3980 /* WorkoutActivityAttributes.swift in Sources */ = {isa = PBXBuildFile; fileRef = D08F58612E8BF65F001D3980 /* WorkoutActivityAttributes.swift */; };
/* End PBXBuildFile section */

/* Begin PBXContainerItemProxy section */
		D08F58552E8BF61D001D3980 /* PBXContainerItemProxy */ = {
			isa = PBXContainerItemProxy;
			containerPortal = D0A299352E54AEA700DA64F7 /* Project object */;
			proxyType = 1;
			remoteGlobalIDString = D08F58472E8BF61B001D3980;
			remoteInfo = WorkoutSessionActivityExtension;
		};
		D0A2994B2E54AEA800DA64F7 /* PBXContainerItemProxy */ = {
			isa = PBXContainerItemProxy;
			containerPortal = D0A299352E54AEA700DA64F7 /* Project object */;
			proxyType = 1;
			remoteGlobalIDString = D0A2993C2E54AEA700DA64F7;
			remoteInfo = DialedIn;
		};
		D0A299552E54AEA800DA64F7 /* PBXContainerItemProxy */ = {
			isa = PBXContainerItemProxy;
			containerPortal = D0A299352E54AEA700DA64F7 /* Project object */;
			proxyType = 1;
			remoteGlobalIDString = D0A2993C2E54AEA700DA64F7;
			remoteInfo = DialedIn;
		};
/* End PBXContainerItemProxy section */

/* Begin PBXCopyFilesBuildPhase section */
		D08F58582E8BF61D001D3980 /* Embed Foundation Extensions */ = {
			isa = PBXCopyFilesBuildPhase;
			buildActionMask = 2147483647;
			dstPath = "";
			dstSubfolderSpec = 13;
			files = (
				D08F58572E8BF61D001D3980 /* WorkoutSessionActivityExtension.appex in Embed Foundation Extensions */,
			);
			name = "Embed Foundation Extensions";
			runOnlyForDeploymentPostprocessing = 0;
		};
/* End PBXCopyFilesBuildPhase section */

/* Begin PBXFileReference section */
		D08F58482E8BF61B001D3980 /* WorkoutSessionActivityExtension.appex */ = {isa = PBXFileReference; explicitFileType = "wrapper.app-extension"; includeInIndex = 0; path = WorkoutSessionActivityExtension.appex; sourceTree = BUILT_PRODUCTS_DIR; };
		D08F58492E8BF61B001D3980 /* WidgetKit.framework */ = {isa = PBXFileReference; lastKnownFileType = wrapper.framework; name = WidgetKit.framework; path = System/Library/Frameworks/WidgetKit.framework; sourceTree = SDKROOT; };
		D08F584B2E8BF61B001D3980 /* SwiftUI.framework */ = {isa = PBXFileReference; lastKnownFileType = wrapper.framework; name = SwiftUI.framework; path = System/Library/Frameworks/SwiftUI.framework; sourceTree = SDKROOT; };
		D08F58612E8BF65F001D3980 /* WorkoutActivityAttributes.swift */ = {isa = PBXFileReference; lastKnownFileType = sourcecode.swift; path = WorkoutActivityAttributes.swift; sourceTree = "<group>"; };
		D08F6B252E8C9759001D3980 /* IntentHandler.swift */ = {isa = PBXFileReference; lastKnownFileType = sourcecode.swift; path = IntentHandler.swift; sourceTree = "<group>"; };
		D08F6B262E8C98F6001D3980 /* ElapsedTimeView.swift */ = {isa = PBXFileReference; lastKnownFileType = sourcecode.swift; path = ElapsedTimeView.swift; sourceTree = "<group>"; };
		D08F6B292E8C98FD001D3980 /* MetricsModel.swift */ = {isa = PBXFileReference; lastKnownFileType = sourcecode.swift; path = MetricsModel.swift; sourceTree = "<group>"; };
		D0A2993D2E54AEA700DA64F7 /* DialedIn.app */ = {isa = PBXFileReference; explicitFileType = wrapper.application; includeInIndex = 0; path = DialedIn.app; sourceTree = BUILT_PRODUCTS_DIR; };
		D0A2994A2E54AEA800DA64F7 /* DialedInTests.xctest */ = {isa = PBXFileReference; explicitFileType = wrapper.cfbundle; includeInIndex = 0; path = DialedInTests.xctest; sourceTree = BUILT_PRODUCTS_DIR; };
		D0A299542E54AEA800DA64F7 /* DialedInUITests.xctest */ = {isa = PBXFileReference; explicitFileType = wrapper.cfbundle; includeInIndex = 0; path = DialedInUITests.xctest; sourceTree = BUILT_PRODUCTS_DIR; };
/* End PBXFileReference section */

/* Begin PBXFileSystemSynchronizedBuildFileExceptionSet section */
		D08F585C2E8BF61D001D3980 /* Exceptions for "WorkoutSessionActivity" folder in "WorkoutSessionActivityExtension" target */ = {
			isa = PBXFileSystemSynchronizedBuildFileExceptionSet;
			membershipExceptions = (
				Info.plist,
			);
			target = D08F58472E8BF61B001D3980 /* WorkoutSessionActivityExtension */;
		};
		D08F585F2E8BF636001D3980 /* Exceptions for "DialedIn" folder in "DialedIn" target */ = {
			isa = PBXFileSystemSynchronizedBuildFileExceptionSet;
			membershipExceptions = (
				Info.plist,
			);
			target = D0A2993C2E54AEA700DA64F7 /* DialedIn */;
		};
/* End PBXFileSystemSynchronizedBuildFileExceptionSet section */

/* Begin PBXFileSystemSynchronizedRootGroup section */
		D08F584D2E8BF61B001D3980 /* WorkoutSessionActivity */ = {
			isa = PBXFileSystemSynchronizedRootGroup;
			exceptions = (
				D08F585C2E8BF61D001D3980 /* Exceptions for "WorkoutSessionActivity" folder in "WorkoutSessionActivityExtension" target */,
			);
			path = WorkoutSessionActivity;
			sourceTree = "<group>";
		};
		D0A2993F2E54AEA700DA64F7 /* DialedIn */ = {
			isa = PBXFileSystemSynchronizedRootGroup;
			exceptions = (
				D08F585F2E8BF636001D3980 /* Exceptions for "DialedIn" folder in "DialedIn" target */,
			);
			path = DialedIn;
			sourceTree = "<group>";
		};
		D0A2994D2E54AEA800DA64F7 /* DialedInTests */ = {
			isa = PBXFileSystemSynchronizedRootGroup;
			path = DialedInTests;
			sourceTree = "<group>";
		};
		D0A299572E54AEA800DA64F7 /* DialedInUITests */ = {
			isa = PBXFileSystemSynchronizedRootGroup;
			path = DialedInUITests;
			sourceTree = "<group>";
		};
/* End PBXFileSystemSynchronizedRootGroup section */

/* Begin PBXFrameworksBuildPhase section */
		D08F58452E8BF61B001D3980 /* Frameworks */ = {
			isa = PBXFrameworksBuildPhase;
			buildActionMask = 2147483647;
			files = (
				D08F584C2E8BF61B001D3980 /* SwiftUI.framework in Frameworks */,
				D08F584A2E8BF61B001D3980 /* WidgetKit.framework in Frameworks */,
			);
			runOnlyForDeploymentPostprocessing = 0;
		};
		D0A2993A2E54AEA700DA64F7 /* Frameworks */ = {
			isa = PBXFrameworksBuildPhase;
			buildActionMask = 2147483647;
			files = (
				D0675C782E8DC3A2009FDCFD /* OpenAI in Frameworks */,
				D0675C5E2E8DC264009FDCFD /* FirebaseAnalytics in Frameworks */,
				D0675DBE2E8DC878009FDCFD /* Mixpanel in Frameworks */,
				D0675C642E8DC264009FDCFD /* FirebaseCore in Frameworks */,
				D0675C6C2E8DC264009FDCFD /* FirebaseStorage in Frameworks */,
				D0675C602E8DC264009FDCFD /* FirebaseAppCheck in Frameworks */,
				D0675C6A2E8DC264009FDCFD /* FirebaseFunctions in Frameworks */,
				D0675C6F2E8DC2C3009FDCFD /* SwiftfulUtilities in Frameworks */,
				D0675C662E8DC264009FDCFD /* FirebaseCrashlytics in Frameworks */,
				D0675C5B2E8DC1F7009FDCFD /* SDWebImageSwiftUI in Frameworks */,
				D0675C752E8DC35E009FDCFD /* SignInAppleAsync in Frameworks */,
				D0675C722E8DC2DF009FDCFD /* SwiftfulFirestore in Frameworks */,
				D0675C622E8DC264009FDCFD /* FirebaseAuth in Frameworks */,
				D0675C682E8DC264009FDCFD /* FirebaseFirestore in Frameworks */,
			);
			runOnlyForDeploymentPostprocessing = 0;
		};
		D0A299472E54AEA800DA64F7 /* Frameworks */ = {
			isa = PBXFrameworksBuildPhase;
			buildActionMask = 2147483647;
			files = (
			);
			runOnlyForDeploymentPostprocessing = 0;
		};
		D0A299512E54AEA800DA64F7 /* Frameworks */ = {
			isa = PBXFrameworksBuildPhase;
			buildActionMask = 2147483647;
			files = (
			);
			runOnlyForDeploymentPostprocessing = 0;
		};
/* End PBXFrameworksBuildPhase section */

/* Begin PBXGroup section */
		D08F58602E8BF652001D3980 /* Shared */ = {
			isa = PBXGroup;
			children = (
				D08F6B292E8C98FD001D3980 /* MetricsModel.swift */,
				D08F6B262E8C98F6001D3980 /* ElapsedTimeView.swift */,
				D08F58612E8BF65F001D3980 /* WorkoutActivityAttributes.swift */,
			);
			path = Shared;
			sourceTree = "<group>";
		};
		D08F6B232E8C9720001D3980 /* Intent */ = {
			isa = PBXGroup;
			children = (
				D08F6B252E8C9759001D3980 /* IntentHandler.swift */,
			);
			path = Intent;
			sourceTree = "<group>";
		};
		D0A299342E54AEA700DA64F7 = {
			isa = PBXGroup;
			children = (
				D08F6B232E8C9720001D3980 /* Intent */,
				D08F58602E8BF652001D3980 /* Shared */,
				D0A2993F2E54AEA700DA64F7 /* DialedIn */,
				D0A2994D2E54AEA800DA64F7 /* DialedInTests */,
				D0A299572E54AEA800DA64F7 /* DialedInUITests */,
				D08F584D2E8BF61B001D3980 /* WorkoutSessionActivity */,
				D0A29B792E54B07C00DA64F7 /* Frameworks */,
				D0A2993E2E54AEA700DA64F7 /* Products */,
			);
			sourceTree = "<group>";
		};
		D0A2993E2E54AEA700DA64F7 /* Products */ = {
			isa = PBXGroup;
			children = (
				D0A2993D2E54AEA700DA64F7 /* DialedIn.app */,
				D0A2994A2E54AEA800DA64F7 /* DialedInTests.xctest */,
				D0A299542E54AEA800DA64F7 /* DialedInUITests.xctest */,
				D08F58482E8BF61B001D3980 /* WorkoutSessionActivityExtension.appex */,
			);
			name = Products;
			sourceTree = "<group>";
		};
		D0A29B792E54B07C00DA64F7 /* Frameworks */ = {
			isa = PBXGroup;
			children = (
				D08F58492E8BF61B001D3980 /* WidgetKit.framework */,
				D08F584B2E8BF61B001D3980 /* SwiftUI.framework */,
			);
			name = Frameworks;
			sourceTree = "<group>";
		};
/* End PBXGroup section */

/* Begin PBXNativeTarget section */
		D08F58472E8BF61B001D3980 /* WorkoutSessionActivityExtension */ = {
			isa = PBXNativeTarget;
			buildConfigurationList = D08F585D2E8BF61D001D3980 /* Build configuration list for PBXNativeTarget "WorkoutSessionActivityExtension" */;
			buildPhases = (
				D08F58442E8BF61B001D3980 /* Sources */,
				D08F58452E8BF61B001D3980 /* Frameworks */,
				D08F58462E8BF61B001D3980 /* Resources */,
			);
			buildRules = (
			);
			dependencies = (
			);
			fileSystemSynchronizedGroups = (
				D08F584D2E8BF61B001D3980 /* WorkoutSessionActivity */,
			);
			name = WorkoutSessionActivityExtension;
			packageProductDependencies = (
			);
			productName = WorkoutSessionActivityExtension;
			productReference = D08F58482E8BF61B001D3980 /* WorkoutSessionActivityExtension.appex */;
			productType = "com.apple.product-type.app-extension";
		};
		D0A2993C2E54AEA700DA64F7 /* DialedIn */ = {
			isa = PBXNativeTarget;
			buildConfigurationList = D0A2995E2E54AEA800DA64F7 /* Build configuration list for PBXNativeTarget "DialedIn" */;
			buildPhases = (
				D0A299392E54AEA700DA64F7 /* Sources */,
				D0A2993A2E54AEA700DA64F7 /* Frameworks */,
				D0A2993B2E54AEA700DA64F7 /* Resources */,
				D01433B92E54BCA10053AD15 /* ShellScript */,
				D01433BA2E54BCB50053AD15 /* ShellScript */,
				D08F58582E8BF61D001D3980 /* Embed Foundation Extensions */,
			);
			buildRules = (
			);
			dependencies = (
				D08F58562E8BF61D001D3980 /* PBXTargetDependency */,
			);
			fileSystemSynchronizedGroups = (
				D0A2993F2E54AEA700DA64F7 /* DialedIn */,
			);
			name = DialedIn;
			packageProductDependencies = (
				D0675C5A2E8DC1F7009FDCFD /* SDWebImageSwiftUI */,
				D0675C5D2E8DC264009FDCFD /* FirebaseAnalytics */,
				D0675C5F2E8DC264009FDCFD /* FirebaseAppCheck */,
				D0675C612E8DC264009FDCFD /* FirebaseAuth */,
				D0675C632E8DC264009FDCFD /* FirebaseCore */,
				D0675C652E8DC264009FDCFD /* FirebaseCrashlytics */,
				D0675C672E8DC264009FDCFD /* FirebaseFirestore */,
				D0675C692E8DC264009FDCFD /* FirebaseFunctions */,
				D0675C6B2E8DC264009FDCFD /* FirebaseStorage */,
				D0675C6E2E8DC2C3009FDCFD /* SwiftfulUtilities */,
				D0675C712E8DC2DF009FDCFD /* SwiftfulFirestore */,
				D0675C742E8DC35E009FDCFD /* SignInAppleAsync */,
				D0675C772E8DC3A2009FDCFD /* OpenAI */,
				D0675DBD2E8DC878009FDCFD /* Mixpanel */,
			);
			productName = DialedIn;
			productReference = D0A2993D2E54AEA700DA64F7 /* DialedIn.app */;
			productType = "com.apple.product-type.application";
		};
		D0A299492E54AEA800DA64F7 /* DialedInTests */ = {
			isa = PBXNativeTarget;
			buildConfigurationList = D0A299612E54AEA800DA64F7 /* Build configuration list for PBXNativeTarget "DialedInTests" */;
			buildPhases = (
				D0A299462E54AEA800DA64F7 /* Sources */,
				D0A299472E54AEA800DA64F7 /* Frameworks */,
				D0A299482E54AEA800DA64F7 /* Resources */,
			);
			buildRules = (
			);
			dependencies = (
				D0A2994C2E54AEA800DA64F7 /* PBXTargetDependency */,
			);
			fileSystemSynchronizedGroups = (
				D0A2994D2E54AEA800DA64F7 /* DialedInTests */,
			);
			name = DialedInTests;
			packageProductDependencies = (
			);
			productName = DialedInTests;
			productReference = D0A2994A2E54AEA800DA64F7 /* DialedInTests.xctest */;
			productType = "com.apple.product-type.bundle.unit-test";
		};
		D0A299532E54AEA800DA64F7 /* DialedInUITests */ = {
			isa = PBXNativeTarget;
			buildConfigurationList = D0A299642E54AEA800DA64F7 /* Build configuration list for PBXNativeTarget "DialedInUITests" */;
			buildPhases = (
				D0A299502E54AEA800DA64F7 /* Sources */,
				D0A299512E54AEA800DA64F7 /* Frameworks */,
				D0A299522E54AEA800DA64F7 /* Resources */,
			);
			buildRules = (
			);
			dependencies = (
				D0A299562E54AEA800DA64F7 /* PBXTargetDependency */,
			);
			fileSystemSynchronizedGroups = (
				D0A299572E54AEA800DA64F7 /* DialedInUITests */,
			);
			name = DialedInUITests;
			packageProductDependencies = (
			);
			productName = DialedInUITests;
			productReference = D0A299542E54AEA800DA64F7 /* DialedInUITests.xctest */;
			productType = "com.apple.product-type.bundle.ui-testing";
		};
/* End PBXNativeTarget section */

/* Begin PBXProject section */
		D0A299352E54AEA700DA64F7 /* Project object */ = {
			isa = PBXProject;
			attributes = {
				BuildIndependentTargetsInParallel = 1;
				LastSwiftUpdateCheck = 2600;
				LastUpgradeCheck = 2600;
				TargetAttributes = {
					D08F58472E8BF61B001D3980 = {
						CreatedOnToolsVersion = 26.0.1;
					};
					D0A2993C2E54AEA700DA64F7 = {
						CreatedOnToolsVersion = 26.0;
					};
					D0A299492E54AEA800DA64F7 = {
						CreatedOnToolsVersion = 26.0;
						TestTargetID = D0A2993C2E54AEA700DA64F7;
					};
					D0A299532E54AEA800DA64F7 = {
						CreatedOnToolsVersion = 26.0;
						TestTargetID = D0A2993C2E54AEA700DA64F7;
					};
				};
			};
			buildConfigurationList = D0A299382E54AEA700DA64F7 /* Build configuration list for PBXProject "DialedIn" */;
			developmentRegion = en;
			hasScannedForEncodings = 0;
			knownRegions = (
				en,
				Base,
			);
			mainGroup = D0A299342E54AEA700DA64F7;
			minimizedProjectReferenceProxies = 1;
			packageReferences = (
				D0675C592E8DC1F7009FDCFD /* XCRemoteSwiftPackageReference "SDWebImageSwiftUI" */,
				D0675C5C2E8DC264009FDCFD /* XCRemoteSwiftPackageReference "firebase-ios-sdk" */,
				D0675C6D2E8DC2C3009FDCFD /* XCRemoteSwiftPackageReference "SwiftfulUtilities" */,
				D0675C702E8DC2DF009FDCFD /* XCRemoteSwiftPackageReference "SwiftfulFirestore" */,
				D0675C732E8DC35E009FDCFD /* XCRemoteSwiftPackageReference "SignInAppleAsync" */,
				D0675C762E8DC3A2009FDCFD /* XCRemoteSwiftPackageReference "OpenAI" */,
				D0675DBC2E8DC878009FDCFD /* XCRemoteSwiftPackageReference "mixpanel-swift" */,
			);
			preferredProjectObjectVersion = 77;
			productRefGroup = D0A2993E2E54AEA700DA64F7 /* Products */;
			projectDirPath = "";
			projectRoot = "";
			targets = (
				D0A2993C2E54AEA700DA64F7 /* DialedIn */,
				D0A299492E54AEA800DA64F7 /* DialedInTests */,
				D0A299532E54AEA800DA64F7 /* DialedInUITests */,
				D08F58472E8BF61B001D3980 /* WorkoutSessionActivityExtension */,
			);
		};
/* End PBXProject section */

/* Begin PBXResourcesBuildPhase section */
		D08F58462E8BF61B001D3980 /* Resources */ = {
			isa = PBXResourcesBuildPhase;
			buildActionMask = 2147483647;
			files = (
			);
			runOnlyForDeploymentPostprocessing = 0;
		};
		D0A2993B2E54AEA700DA64F7 /* Resources */ = {
			isa = PBXResourcesBuildPhase;
			buildActionMask = 2147483647;
			files = (
			);
			runOnlyForDeploymentPostprocessing = 0;
		};
		D0A299482E54AEA800DA64F7 /* Resources */ = {
			isa = PBXResourcesBuildPhase;
			buildActionMask = 2147483647;
			files = (
			);
			runOnlyForDeploymentPostprocessing = 0;
		};
		D0A299522E54AEA800DA64F7 /* Resources */ = {
			isa = PBXResourcesBuildPhase;
			buildActionMask = 2147483647;
			files = (
			);
			runOnlyForDeploymentPostprocessing = 0;
		};
/* End PBXResourcesBuildPhase section */

/* Begin PBXShellScriptBuildPhase section */
		D01433B92E54BCA10053AD15 /* ShellScript */ = {
			isa = PBXShellScriptBuildPhase;
			alwaysOutOfDate = 1;
			buildActionMask = 2147483647;
			files = (
			);
			inputFileListPaths = (
			);
			inputPaths = (
			);
			outputFileListPaths = (
			);
			outputPaths = (
			);
			runOnlyForDeploymentPostprocessing = 0;
			shellPath = /bin/sh;
			shellScript = "if [[ \"$(uname -m)\" == arm64 ]]; then\n    export PATH=\"/opt/homebrew/bin:$PATH\"\nfi\n\n# Check if running in a SwiftUI preview\nif [ \"$XCODE_RUNNING_FOR_PREVIEWS\" != \"1\" ]; then\n    if which swiftlint > /dev/null; then\n        swiftlint # Uncomment if you want to auto-fix: swiftlint --fix &&\n    else\n        echo \"warning: SwiftLint not installed, download from https://github.com/realm/SwiftLint\"\n    fi\nfi\n";
			showEnvVarsInLog = 0;
		};
		D01433BA2E54BCB50053AD15 /* ShellScript */ = {
			isa = PBXShellScriptBuildPhase;
			alwaysOutOfDate = 1;
			buildActionMask = 2147483647;
			files = (
			);
			inputFileListPaths = (
			);
			inputPaths = (
			);
			outputFileListPaths = (
			);
			outputPaths = (
			);
			runOnlyForDeploymentPostprocessing = 0;
			shellPath = /bin/sh;
			shellScript = "if [ \"${CONFIGURATION}\" == \"Debug\" ]; then\n  GOOGLE_SERVICE_INFO_PLIST=\"${PROJECT_DIR}/DialedIn/GoogleServicePLists/GoogleService-Info-Dev.plist\"\nelif [ \"${CONFIGURATION}\" == \"Mock\" ]; then\n  echo \"Skipping Crashlytics upload for Mock configuration.\"\n  exit 0  # Use `exit 0` if `return` does not work in your environment\nelif [ \"${CONFIGURATION}\" == \"Release\" ]; then\n  GOOGLE_SERVICE_INFO_PLIST=\"${PROJECT_DIR}/DialedIn/GoogleServicePLists/GoogleService-Info-Prod.plist\"\nelse\n  echo \"No matching build configuration found for GoogleService-Info.plist!\"\n  exit 1\nfi\n\n# Run the Crashlytics script with the selected plist file\n\"${BUILD_DIR%/Build/*}/SourcePackages/checkouts/firebase-ios-sdk/Crashlytics/run\" -gsp \"${GOOGLE_SERVICE_INFO_PLIST}\"\n\n\n";
		};
/* End PBXShellScriptBuildPhase section */

/* Begin PBXSourcesBuildPhase section */
		D08F58442E8BF61B001D3980 /* Sources */ = {
			isa = PBXSourcesBuildPhase;
			buildActionMask = 2147483647;
			files = (
				D08F58632E8BF677001D3980 /* WorkoutActivityAttributes.swift in Sources */,
			);
			runOnlyForDeploymentPostprocessing = 0;
		};
		D0A299392E54AEA700DA64F7 /* Sources */ = {
			isa = PBXSourcesBuildPhase;
			buildActionMask = 2147483647;
			files = (
				D08F58622E8BF677001D3980 /* WorkoutActivityAttributes.swift in Sources */,
			);
			runOnlyForDeploymentPostprocessing = 0;
		};
		D0A299462E54AEA800DA64F7 /* Sources */ = {
			isa = PBXSourcesBuildPhase;
			buildActionMask = 2147483647;
			files = (
			);
			runOnlyForDeploymentPostprocessing = 0;
		};
		D0A299502E54AEA800DA64F7 /* Sources */ = {
			isa = PBXSourcesBuildPhase;
			buildActionMask = 2147483647;
			files = (
			);
			runOnlyForDeploymentPostprocessing = 0;
		};
/* End PBXSourcesBuildPhase section */

/* Begin PBXTargetDependency section */
		D08F58562E8BF61D001D3980 /* PBXTargetDependency */ = {
			isa = PBXTargetDependency;
			target = D08F58472E8BF61B001D3980 /* WorkoutSessionActivityExtension */;
			targetProxy = D08F58552E8BF61D001D3980 /* PBXContainerItemProxy */;
		};
		D0A2994C2E54AEA800DA64F7 /* PBXTargetDependency */ = {
			isa = PBXTargetDependency;
			target = D0A2993C2E54AEA700DA64F7 /* DialedIn */;
			targetProxy = D0A2994B2E54AEA800DA64F7 /* PBXContainerItemProxy */;
		};
		D0A299562E54AEA800DA64F7 /* PBXTargetDependency */ = {
			isa = PBXTargetDependency;
			target = D0A2993C2E54AEA700DA64F7 /* DialedIn */;
			targetProxy = D0A299552E54AEA800DA64F7 /* PBXContainerItemProxy */;
		};
/* End PBXTargetDependency section */

/* Begin XCBuildConfiguration section */
		D014316D2E54B47D0053AD15 /* Mock */ = {
			isa = XCBuildConfiguration;
			buildSettings = {
				ALWAYS_SEARCH_USER_PATHS = NO;
				ASSETCATALOG_COMPILER_GENERATE_SWIFT_ASSET_SYMBOL_EXTENSIONS = YES;
				CLANG_ANALYZER_NONNULL = YES;
				CLANG_ANALYZER_NUMBER_OBJECT_CONVERSION = YES_AGGRESSIVE;
				CLANG_CXX_LANGUAGE_STANDARD = "gnu++20";
				CLANG_ENABLE_MODULES = YES;
				CLANG_ENABLE_OBJC_ARC = YES;
				CLANG_ENABLE_OBJC_WEAK = YES;
				CLANG_WARN_BLOCK_CAPTURE_AUTORELEASING = YES;
				CLANG_WARN_BOOL_CONVERSION = YES;
				CLANG_WARN_COMMA = YES;
				CLANG_WARN_CONSTANT_CONVERSION = YES;
				CLANG_WARN_DEPRECATED_OBJC_IMPLEMENTATIONS = YES;
				CLANG_WARN_DIRECT_OBJC_ISA_USAGE = YES_ERROR;
				CLANG_WARN_DOCUMENTATION_COMMENTS = YES;
				CLANG_WARN_EMPTY_BODY = YES;
				CLANG_WARN_ENUM_CONVERSION = YES;
				CLANG_WARN_INFINITE_RECURSION = YES;
				CLANG_WARN_INT_CONVERSION = YES;
				CLANG_WARN_NON_LITERAL_NULL_CONVERSION = YES;
				CLANG_WARN_OBJC_IMPLICIT_RETAIN_SELF = YES;
				CLANG_WARN_OBJC_LITERAL_CONVERSION = YES;
				CLANG_WARN_OBJC_ROOT_CLASS = YES_ERROR;
				CLANG_WARN_QUOTED_INCLUDE_IN_FRAMEWORK_HEADER = YES;
				CLANG_WARN_RANGE_LOOP_ANALYSIS = YES;
				CLANG_WARN_STRICT_PROTOTYPES = YES;
				CLANG_WARN_SUSPICIOUS_MOVE = YES;
				CLANG_WARN_UNGUARDED_AVAILABILITY = YES_AGGRESSIVE;
				CLANG_WARN_UNREACHABLE_CODE = YES;
				CLANG_WARN__DUPLICATE_METHOD_MATCH = YES;
				COPY_PHASE_STRIP = NO;
				DEBUG_INFORMATION_FORMAT = dwarf;
				DEVELOPMENT_TEAM = VRNWC32C76;
				ENABLE_STRICT_OBJC_MSGSEND = YES;
				ENABLE_TESTABILITY = YES;
				ENABLE_USER_SCRIPT_SANDBOXING = NO;
				GCC_C_LANGUAGE_STANDARD = gnu17;
				GCC_DYNAMIC_NO_PIC = NO;
				GCC_NO_COMMON_BLOCKS = YES;
				GCC_OPTIMIZATION_LEVEL = 0;
				GCC_PREPROCESSOR_DEFINITIONS = (
					"DEBUG=1",
					"$(inherited)",
				);
				GCC_WARN_64_TO_32_BIT_CONVERSION = YES;
				GCC_WARN_ABOUT_RETURN_TYPE = YES_ERROR;
				GCC_WARN_UNDECLARED_SELECTOR = YES;
				GCC_WARN_UNINITIALIZED_AUTOS = YES_AGGRESSIVE;
				GCC_WARN_UNUSED_FUNCTION = YES;
				GCC_WARN_UNUSED_VARIABLE = YES;
				LOCALIZATION_PREFERS_STRING_CATALOGS = YES;
				MTL_ENABLE_DEBUG_INFO = INCLUDE_SOURCE;
				MTL_FAST_MATH = YES;
				ONLY_ACTIVE_ARCH = YES;
				SWIFT_ACTIVE_COMPILATION_CONDITIONS = "DEBUG MOCK $(inherited)";
				SWIFT_OPTIMIZATION_LEVEL = "-Onone";
			};
			name = Mock;
		};
		D014316E2E54B47D0053AD15 /* Mock */ = {
			isa = XCBuildConfiguration;
			buildSettings = {
				ASSETCATALOG_COMPILER_APPICON_NAME = AppIcon;
				ASSETCATALOG_COMPILER_GLOBAL_ACCENT_COLOR_NAME = AccentColor;
				CODE_SIGN_ENTITLEMENTS = DialedIn/DialedIn.entitlements;
				CODE_SIGN_STYLE = Automatic;
				CURRENT_PROJECT_VERSION = 1;
				DEBUG_INFORMATION_FORMAT = "dwarf-with-dsym";
				DEVELOPMENT_TEAM = VRNWC32C76;
				ENABLE_APP_SANDBOX = YES;
				ENABLE_HARDENED_RUNTIME = YES;
				ENABLE_PREVIEWS = YES;
				ENABLE_USER_SELECTED_FILES = readonly;
				GENERATE_INFOPLIST_FILE = YES;
				INFOPLIST_FILE = DialedIn/Info.plist;
				INFOPLIST_KEY_CFBundleDisplayName = "DialedIn - Dev";
				INFOPLIST_KEY_LSApplicationCategoryType = "public.app-category.healthcare-fitness";
				INFOPLIST_KEY_NSCalendarsUsageDescription = "We use your calendar to schedule workouts and reminders.";
				INFOPLIST_KEY_NSHealthShareUsageDescription = "This app reads your workout and heart data to track sessions and show metrics.";
				INFOPLIST_KEY_NSHealthUpdateUsageDescription = "This app writes workouts and active energy to your Health data.";
				INFOPLIST_KEY_NSSupportsLiveActivities = YES;
				INFOPLIST_KEY_NSSupportsLiveActivitiesFrequentUpdates = YES;
				INFOPLIST_KEY_NSUserTrackingUsageDescription = "Your data will be used to deliver personalised ads and experiences";
				"INFOPLIST_KEY_UIApplicationSceneManifest_Generation[sdk=iphoneos*]" = YES;
				"INFOPLIST_KEY_UIApplicationSceneManifest_Generation[sdk=iphonesimulator*]" = YES;
				"INFOPLIST_KEY_UIApplicationSupportsIndirectInputEvents[sdk=iphoneos*]" = YES;
				"INFOPLIST_KEY_UIApplicationSupportsIndirectInputEvents[sdk=iphonesimulator*]" = YES;
				"INFOPLIST_KEY_UILaunchScreen_Generation[sdk=iphoneos*]" = YES;
				"INFOPLIST_KEY_UILaunchScreen_Generation[sdk=iphonesimulator*]" = YES;
				INFOPLIST_KEY_UILaunchStoryboardName = LaunchScreen;
				"INFOPLIST_KEY_UIStatusBarStyle[sdk=iphoneos*]" = UIStatusBarStyleDefault;
				"INFOPLIST_KEY_UIStatusBarStyle[sdk=iphonesimulator*]" = UIStatusBarStyleDefault;
				INFOPLIST_KEY_UISupportedInterfaceOrientations_iPad = "UIInterfaceOrientationPortrait UIInterfaceOrientationPortraitUpsideDown UIInterfaceOrientationLandscapeLeft UIInterfaceOrientationLandscapeRight";
				INFOPLIST_KEY_UISupportedInterfaceOrientations_iPhone = "UIInterfaceOrientationPortrait UIInterfaceOrientationLandscapeLeft UIInterfaceOrientationLandscapeRight";
				IPHONEOS_DEPLOYMENT_TARGET = 26.0;
				LD_RUNPATH_SEARCH_PATHS = "@executable_path/Frameworks";
				"LD_RUNPATH_SEARCH_PATHS[sdk=macosx*]" = "@executable_path/../Frameworks";
				MACOSX_DEPLOYMENT_TARGET = 26.0;
				MARKETING_VERSION = 1.0;
				OTHER_LDFLAGS = "-ObjC";
				PRODUCT_BUNDLE_IDENTIFIER = com.andrewcoyle.DialedIn.mock;
				PRODUCT_NAME = "$(TARGET_NAME)";
				REGISTER_APP_GROUPS = YES;
				SDKROOT = auto;
				STRING_CATALOG_GENERATE_SYMBOLS = YES;
				SUPPORTED_PLATFORMS = "iphoneos iphonesimulator";
				SUPPORTS_MACCATALYST = YES;
				SWIFT_APPROACHABLE_CONCURRENCY = YES;
				SWIFT_DEFAULT_ACTOR_ISOLATION = MainActor;
				SWIFT_EMIT_LOC_STRINGS = YES;
				SWIFT_UPCOMING_FEATURE_MEMBER_IMPORT_VISIBILITY = YES;
				SWIFT_VERSION = 6.0;
				TARGETED_DEVICE_FAMILY = "1,2";
				XROS_DEPLOYMENT_TARGET = 26.0;
			};
			name = Mock;
		};
		D014316F2E54B47D0053AD15 /* Mock */ = {
			isa = XCBuildConfiguration;
			buildSettings = {
				BUNDLE_LOADER = "$(TEST_HOST)";
				CODE_SIGN_STYLE = Automatic;
				CURRENT_PROJECT_VERSION = 1;
				DEVELOPMENT_TEAM = VRNWC32C76;
				GENERATE_INFOPLIST_FILE = YES;
				IPHONEOS_DEPLOYMENT_TARGET = 26.0;
				MACOSX_DEPLOYMENT_TARGET = 26.0;
				MARKETING_VERSION = 1.0;
				PRODUCT_BUNDLE_IDENTIFIER = com.andrewcoyle.DialedInTests;
				PRODUCT_NAME = "$(TARGET_NAME)";
				SDKROOT = auto;
				STRING_CATALOG_GENERATE_SYMBOLS = NO;
				SUPPORTED_PLATFORMS = "iphoneos iphonesimulator macosx xros xrsimulator";
				SWIFT_APPROACHABLE_CONCURRENCY = YES;
				SWIFT_EMIT_LOC_STRINGS = NO;
				SWIFT_UPCOMING_FEATURE_MEMBER_IMPORT_VISIBILITY = YES;
				SWIFT_VERSION = 5.0;
				TARGETED_DEVICE_FAMILY = "1,2,7";
				TEST_HOST = "$(BUILT_PRODUCTS_DIR)/DialedIn.app/$(BUNDLE_EXECUTABLE_FOLDER_PATH)/DialedIn";
				XROS_DEPLOYMENT_TARGET = 26.0;
			};
			name = Mock;
		};
		D01431702E54B47D0053AD15 /* Mock */ = {
			isa = XCBuildConfiguration;
			buildSettings = {
				CODE_SIGN_STYLE = Automatic;
				CURRENT_PROJECT_VERSION = 1;
				DEVELOPMENT_TEAM = VRNWC32C76;
				GENERATE_INFOPLIST_FILE = YES;
				IPHONEOS_DEPLOYMENT_TARGET = 26.0;
				MACOSX_DEPLOYMENT_TARGET = 26.0;
				MARKETING_VERSION = 1.0;
				PRODUCT_BUNDLE_IDENTIFIER = com.andrewcoyle.DialedInUITests;
				PRODUCT_NAME = "$(TARGET_NAME)";
				SDKROOT = auto;
				STRING_CATALOG_GENERATE_SYMBOLS = NO;
				SUPPORTED_PLATFORMS = "iphoneos iphonesimulator macosx xros xrsimulator";
				SWIFT_APPROACHABLE_CONCURRENCY = YES;
				SWIFT_EMIT_LOC_STRINGS = NO;
				SWIFT_UPCOMING_FEATURE_MEMBER_IMPORT_VISIBILITY = YES;
				SWIFT_VERSION = 5.0;
				TARGETED_DEVICE_FAMILY = "1,2,7";
				TEST_TARGET_NAME = DialedIn;
				XROS_DEPLOYMENT_TARGET = 26.0;
			};
			name = Mock;
		};
		D08F58592E8BF61D001D3980 /* Debug */ = {
			isa = XCBuildConfiguration;
			buildSettings = {
				ASSETCATALOG_COMPILER_GLOBAL_ACCENT_COLOR_NAME = AccentColor;
				ASSETCATALOG_COMPILER_WIDGET_BACKGROUND_COLOR_NAME = WidgetBackground;
				CODE_SIGN_STYLE = Automatic;
				CURRENT_PROJECT_VERSION = 1;
				DEVELOPMENT_TEAM = VRNWC32C76;
				ENABLE_USER_SCRIPT_SANDBOXING = YES;
				GENERATE_INFOPLIST_FILE = YES;
				INFOPLIST_FILE = WorkoutSessionActivity/Info.plist;
				INFOPLIST_KEY_CFBundleDisplayName = WorkoutSessionActivity;
				INFOPLIST_KEY_NSHumanReadableCopyright = "";
				IPHONEOS_DEPLOYMENT_TARGET = 26.0;
				LD_RUNPATH_SEARCH_PATHS = (
					"$(inherited)",
					"@executable_path/Frameworks",
					"@executable_path/../../Frameworks",
				);
				MARKETING_VERSION = 1.0;
				PRODUCT_BUNDLE_IDENTIFIER = com.andrewcoyle.DialedIn.dev.WorkoutSessionActivity;
				PRODUCT_NAME = "$(TARGET_NAME)";
				SDKROOT = iphoneos;
				SKIP_INSTALL = YES;
				STRING_CATALOG_GENERATE_SYMBOLS = YES;
				SUPPORTED_PLATFORMS = "iphoneos iphonesimulator";
				SUPPORTS_MACCATALYST = NO;
				SUPPORTS_MAC_DESIGNED_FOR_IPHONE_IPAD = NO;
				SUPPORTS_XR_DESIGNED_FOR_IPHONE_IPAD = NO;
				SWIFT_APPROACHABLE_CONCURRENCY = YES;
				SWIFT_EMIT_LOC_STRINGS = YES;
				SWIFT_UPCOMING_FEATURE_MEMBER_IMPORT_VISIBILITY = YES;
				SWIFT_VERSION = 5.0;
				TARGETED_DEVICE_FAMILY = "1,2";
			};
			name = Debug;
		};
		D08F585A2E8BF61D001D3980 /* Mock */ = {
			isa = XCBuildConfiguration;
			buildSettings = {
				ASSETCATALOG_COMPILER_GLOBAL_ACCENT_COLOR_NAME = AccentColor;
				ASSETCATALOG_COMPILER_WIDGET_BACKGROUND_COLOR_NAME = WidgetBackground;
				CODE_SIGN_STYLE = Automatic;
				CURRENT_PROJECT_VERSION = 1;
				DEVELOPMENT_TEAM = VRNWC32C76;
				ENABLE_USER_SCRIPT_SANDBOXING = YES;
				GENERATE_INFOPLIST_FILE = YES;
				INFOPLIST_FILE = WorkoutSessionActivity/Info.plist;
				INFOPLIST_KEY_CFBundleDisplayName = WorkoutSessionActivity;
				INFOPLIST_KEY_NSHumanReadableCopyright = "";
				IPHONEOS_DEPLOYMENT_TARGET = 26.0;
				LD_RUNPATH_SEARCH_PATHS = (
					"$(inherited)",
					"@executable_path/Frameworks",
					"@executable_path/../../Frameworks",
				);
				MARKETING_VERSION = 1.0;
				PRODUCT_BUNDLE_IDENTIFIER = com.andrewcoyle.DialedIn.mock.WorkoutSessionActivity;
				PRODUCT_NAME = "$(TARGET_NAME)";
				SDKROOT = iphoneos;
				SKIP_INSTALL = YES;
				STRING_CATALOG_GENERATE_SYMBOLS = YES;
				SUPPORTED_PLATFORMS = "iphoneos iphonesimulator";
				SUPPORTS_MACCATALYST = NO;
				SUPPORTS_MAC_DESIGNED_FOR_IPHONE_IPAD = NO;
				SUPPORTS_XR_DESIGNED_FOR_IPHONE_IPAD = NO;
				SWIFT_APPROACHABLE_CONCURRENCY = YES;
				SWIFT_EMIT_LOC_STRINGS = YES;
				SWIFT_UPCOMING_FEATURE_MEMBER_IMPORT_VISIBILITY = YES;
				SWIFT_VERSION = 5.0;
				TARGETED_DEVICE_FAMILY = "1,2";
				VALIDATE_PRODUCT = YES;
			};
			name = Mock;
		};
		D08F585B2E8BF61D001D3980 /* Release */ = {
			isa = XCBuildConfiguration;
			buildSettings = {
				ASSETCATALOG_COMPILER_GLOBAL_ACCENT_COLOR_NAME = AccentColor;
				ASSETCATALOG_COMPILER_WIDGET_BACKGROUND_COLOR_NAME = WidgetBackground;
				CODE_SIGN_STYLE = Automatic;
				CURRENT_PROJECT_VERSION = 1;
				DEVELOPMENT_TEAM = VRNWC32C76;
				ENABLE_USER_SCRIPT_SANDBOXING = YES;
				GENERATE_INFOPLIST_FILE = YES;
				INFOPLIST_FILE = WorkoutSessionActivity/Info.plist;
				INFOPLIST_KEY_CFBundleDisplayName = WorkoutSessionActivity;
				INFOPLIST_KEY_NSHumanReadableCopyright = "";
				IPHONEOS_DEPLOYMENT_TARGET = 26.0;
				LD_RUNPATH_SEARCH_PATHS = (
					"$(inherited)",
					"@executable_path/Frameworks",
					"@executable_path/../../Frameworks",
				);
				MARKETING_VERSION = 1.0;
				PRODUCT_BUNDLE_IDENTIFIER = com.andrewcoyle.DialedIn.WorkoutSessionActivity;
				PRODUCT_NAME = "$(TARGET_NAME)";
				SDKROOT = iphoneos;
				SKIP_INSTALL = YES;
				STRING_CATALOG_GENERATE_SYMBOLS = YES;
				SUPPORTED_PLATFORMS = "iphoneos iphonesimulator";
				SUPPORTS_MACCATALYST = YES;
				SUPPORTS_MAC_DESIGNED_FOR_IPHONE_IPAD = NO;
				SUPPORTS_XR_DESIGNED_FOR_IPHONE_IPAD = NO;
				SWIFT_APPROACHABLE_CONCURRENCY = YES;
				SWIFT_EMIT_LOC_STRINGS = YES;
				SWIFT_UPCOMING_FEATURE_MEMBER_IMPORT_VISIBILITY = YES;
				SWIFT_VERSION = 5.0;
				TARGETED_DEVICE_FAMILY = "1,2";
				VALIDATE_PRODUCT = YES;
			};
			name = Release;
		};
		D0A2995C2E54AEA800DA64F7 /* Debug */ = {
			isa = XCBuildConfiguration;
			buildSettings = {
				ALWAYS_SEARCH_USER_PATHS = NO;
				ASSETCATALOG_COMPILER_GENERATE_SWIFT_ASSET_SYMBOL_EXTENSIONS = YES;
				CLANG_ANALYZER_NONNULL = YES;
				CLANG_ANALYZER_NUMBER_OBJECT_CONVERSION = YES_AGGRESSIVE;
				CLANG_CXX_LANGUAGE_STANDARD = "gnu++20";
				CLANG_ENABLE_MODULES = YES;
				CLANG_ENABLE_OBJC_ARC = YES;
				CLANG_ENABLE_OBJC_WEAK = YES;
				CLANG_WARN_BLOCK_CAPTURE_AUTORELEASING = YES;
				CLANG_WARN_BOOL_CONVERSION = YES;
				CLANG_WARN_COMMA = YES;
				CLANG_WARN_CONSTANT_CONVERSION = YES;
				CLANG_WARN_DEPRECATED_OBJC_IMPLEMENTATIONS = YES;
				CLANG_WARN_DIRECT_OBJC_ISA_USAGE = YES_ERROR;
				CLANG_WARN_DOCUMENTATION_COMMENTS = YES;
				CLANG_WARN_EMPTY_BODY = YES;
				CLANG_WARN_ENUM_CONVERSION = YES;
				CLANG_WARN_INFINITE_RECURSION = YES;
				CLANG_WARN_INT_CONVERSION = YES;
				CLANG_WARN_NON_LITERAL_NULL_CONVERSION = YES;
				CLANG_WARN_OBJC_IMPLICIT_RETAIN_SELF = YES;
				CLANG_WARN_OBJC_LITERAL_CONVERSION = YES;
				CLANG_WARN_OBJC_ROOT_CLASS = YES_ERROR;
				CLANG_WARN_QUOTED_INCLUDE_IN_FRAMEWORK_HEADER = YES;
				CLANG_WARN_RANGE_LOOP_ANALYSIS = YES;
				CLANG_WARN_STRICT_PROTOTYPES = YES;
				CLANG_WARN_SUSPICIOUS_MOVE = YES;
				CLANG_WARN_UNGUARDED_AVAILABILITY = YES_AGGRESSIVE;
				CLANG_WARN_UNREACHABLE_CODE = YES;
				CLANG_WARN__DUPLICATE_METHOD_MATCH = YES;
				COPY_PHASE_STRIP = NO;
				DEBUG_INFORMATION_FORMAT = dwarf;
				DEVELOPMENT_TEAM = VRNWC32C76;
				ENABLE_STRICT_OBJC_MSGSEND = YES;
				ENABLE_TESTABILITY = YES;
				ENABLE_USER_SCRIPT_SANDBOXING = NO;
				GCC_C_LANGUAGE_STANDARD = gnu17;
				GCC_DYNAMIC_NO_PIC = NO;
				GCC_NO_COMMON_BLOCKS = YES;
				GCC_OPTIMIZATION_LEVEL = 0;
				GCC_PREPROCESSOR_DEFINITIONS = (
					"DEBUG=1",
					"$(inherited)",
				);
				GCC_WARN_64_TO_32_BIT_CONVERSION = YES;
				GCC_WARN_ABOUT_RETURN_TYPE = YES_ERROR;
				GCC_WARN_UNDECLARED_SELECTOR = YES;
				GCC_WARN_UNINITIALIZED_AUTOS = YES_AGGRESSIVE;
				GCC_WARN_UNUSED_FUNCTION = YES;
				GCC_WARN_UNUSED_VARIABLE = YES;
				LOCALIZATION_PREFERS_STRING_CATALOGS = YES;
				MTL_ENABLE_DEBUG_INFO = INCLUDE_SOURCE;
				MTL_FAST_MATH = YES;
				ONLY_ACTIVE_ARCH = YES;
				SWIFT_ACTIVE_COMPILATION_CONDITIONS = "DEBUG $(inherited)";
				SWIFT_OPTIMIZATION_LEVEL = "-Onone";
			};
			name = Debug;
		};
		D0A2995D2E54AEA800DA64F7 /* Release */ = {
			isa = XCBuildConfiguration;
			buildSettings = {
				ALWAYS_SEARCH_USER_PATHS = NO;
				ASSETCATALOG_COMPILER_GENERATE_SWIFT_ASSET_SYMBOL_EXTENSIONS = YES;
				CLANG_ANALYZER_NONNULL = YES;
				CLANG_ANALYZER_NUMBER_OBJECT_CONVERSION = YES_AGGRESSIVE;
				CLANG_CXX_LANGUAGE_STANDARD = "gnu++20";
				CLANG_ENABLE_MODULES = YES;
				CLANG_ENABLE_OBJC_ARC = YES;
				CLANG_ENABLE_OBJC_WEAK = YES;
				CLANG_WARN_BLOCK_CAPTURE_AUTORELEASING = YES;
				CLANG_WARN_BOOL_CONVERSION = YES;
				CLANG_WARN_COMMA = YES;
				CLANG_WARN_CONSTANT_CONVERSION = YES;
				CLANG_WARN_DEPRECATED_OBJC_IMPLEMENTATIONS = YES;
				CLANG_WARN_DIRECT_OBJC_ISA_USAGE = YES_ERROR;
				CLANG_WARN_DOCUMENTATION_COMMENTS = YES;
				CLANG_WARN_EMPTY_BODY = YES;
				CLANG_WARN_ENUM_CONVERSION = YES;
				CLANG_WARN_INFINITE_RECURSION = YES;
				CLANG_WARN_INT_CONVERSION = YES;
				CLANG_WARN_NON_LITERAL_NULL_CONVERSION = YES;
				CLANG_WARN_OBJC_IMPLICIT_RETAIN_SELF = YES;
				CLANG_WARN_OBJC_LITERAL_CONVERSION = YES;
				CLANG_WARN_OBJC_ROOT_CLASS = YES_ERROR;
				CLANG_WARN_QUOTED_INCLUDE_IN_FRAMEWORK_HEADER = YES;
				CLANG_WARN_RANGE_LOOP_ANALYSIS = YES;
				CLANG_WARN_STRICT_PROTOTYPES = YES;
				CLANG_WARN_SUSPICIOUS_MOVE = YES;
				CLANG_WARN_UNGUARDED_AVAILABILITY = YES_AGGRESSIVE;
				CLANG_WARN_UNREACHABLE_CODE = YES;
				CLANG_WARN__DUPLICATE_METHOD_MATCH = YES;
				COPY_PHASE_STRIP = NO;
				DEBUG_INFORMATION_FORMAT = "dwarf-with-dsym";
				DEVELOPMENT_TEAM = VRNWC32C76;
				ENABLE_NS_ASSERTIONS = NO;
				ENABLE_STRICT_OBJC_MSGSEND = YES;
				ENABLE_USER_SCRIPT_SANDBOXING = NO;
				GCC_C_LANGUAGE_STANDARD = gnu17;
				GCC_NO_COMMON_BLOCKS = YES;
				GCC_WARN_64_TO_32_BIT_CONVERSION = YES;
				GCC_WARN_ABOUT_RETURN_TYPE = YES_ERROR;
				GCC_WARN_UNDECLARED_SELECTOR = YES;
				GCC_WARN_UNINITIALIZED_AUTOS = YES_AGGRESSIVE;
				GCC_WARN_UNUSED_FUNCTION = YES;
				GCC_WARN_UNUSED_VARIABLE = YES;
				LOCALIZATION_PREFERS_STRING_CATALOGS = YES;
				MTL_ENABLE_DEBUG_INFO = NO;
				MTL_FAST_MATH = YES;
				ONLY_ACTIVE_ARCH = NO;
				SWIFT_COMPILATION_MODE = wholemodule;
			};
			name = Release;
		};
		D0A2995F2E54AEA800DA64F7 /* Debug */ = {
			isa = XCBuildConfiguration;
			buildSettings = {
				ASSETCATALOG_COMPILER_APPICON_NAME = AppIcon;
				ASSETCATALOG_COMPILER_GLOBAL_ACCENT_COLOR_NAME = AccentColor;
				CODE_SIGN_ENTITLEMENTS = "DialedIn/DialedIn-Debug.entitlements";
				CODE_SIGN_STYLE = Automatic;
				CURRENT_PROJECT_VERSION = 1;
				DEBUG_INFORMATION_FORMAT = "dwarf-with-dsym";
				DEVELOPMENT_TEAM = VRNWC32C76;
				ENABLE_APP_SANDBOX = YES;
				ENABLE_HARDENED_RUNTIME = YES;
				ENABLE_PREVIEWS = YES;
				ENABLE_USER_SELECTED_FILES = readonly;
				GENERATE_INFOPLIST_FILE = YES;
				INFOPLIST_FILE = DialedIn/Info.plist;
				INFOPLIST_KEY_CFBundleDisplayName = "DialedIn - Dev";
				INFOPLIST_KEY_LSApplicationCategoryType = "public.app-category.healthcare-fitness";
				INFOPLIST_KEY_NSCalendarsUsageDescription = "We use your calendar to schedule workouts and reminders.";
				INFOPLIST_KEY_NSHealthShareUsageDescription = "This app reads your workout and heart data to track sessions and show metrics.";
				INFOPLIST_KEY_NSHealthUpdateUsageDescription = "This app writes workouts and active energy to your Health data.";
				INFOPLIST_KEY_NSSupportsLiveActivities = YES;
				INFOPLIST_KEY_NSSupportsLiveActivitiesFrequentUpdates = YES;
				INFOPLIST_KEY_NSUserTrackingUsageDescription = "Your data will be used to deliver personalised ads and experiences";
				"INFOPLIST_KEY_UIApplicationSceneManifest_Generation[sdk=iphoneos*]" = YES;
				"INFOPLIST_KEY_UIApplicationSceneManifest_Generation[sdk=iphonesimulator*]" = YES;
				"INFOPLIST_KEY_UIApplicationSupportsIndirectInputEvents[sdk=iphoneos*]" = YES;
				"INFOPLIST_KEY_UIApplicationSupportsIndirectInputEvents[sdk=iphonesimulator*]" = YES;
				"INFOPLIST_KEY_UILaunchScreen_Generation[sdk=iphoneos*]" = YES;
				"INFOPLIST_KEY_UILaunchScreen_Generation[sdk=iphonesimulator*]" = YES;
				INFOPLIST_KEY_UILaunchStoryboardName = LaunchScreen;
				"INFOPLIST_KEY_UIStatusBarStyle[sdk=iphoneos*]" = UIStatusBarStyleDefault;
				"INFOPLIST_KEY_UIStatusBarStyle[sdk=iphonesimulator*]" = UIStatusBarStyleDefault;
				INFOPLIST_KEY_UISupportedInterfaceOrientations_iPad = "UIInterfaceOrientationPortrait UIInterfaceOrientationPortraitUpsideDown UIInterfaceOrientationLandscapeLeft UIInterfaceOrientationLandscapeRight";
				INFOPLIST_KEY_UISupportedInterfaceOrientations_iPhone = "UIInterfaceOrientationPortrait UIInterfaceOrientationLandscapeLeft UIInterfaceOrientationLandscapeRight";
				IPHONEOS_DEPLOYMENT_TARGET = 26.0;
				LD_RUNPATH_SEARCH_PATHS = "@executable_path/Frameworks";
				"LD_RUNPATH_SEARCH_PATHS[sdk=macosx*]" = "@executable_path/../Frameworks";
				MACOSX_DEPLOYMENT_TARGET = 26.0;
				MARKETING_VERSION = 1.0;
				OTHER_LDFLAGS = "-ObjC";
				PRODUCT_BUNDLE_IDENTIFIER = com.andrewcoyle.DialedIn.dev;
				PRODUCT_NAME = "$(TARGET_NAME)";
				REGISTER_APP_GROUPS = YES;
				SDKROOT = auto;
				STRING_CATALOG_GENERATE_SYMBOLS = YES;
				SUPPORTED_PLATFORMS = "iphoneos iphonesimulator";
				SUPPORTS_MACCATALYST = YES;
				SWIFT_APPROACHABLE_CONCURRENCY = YES;
				SWIFT_DEFAULT_ACTOR_ISOLATION = MainActor;
				SWIFT_EMIT_LOC_STRINGS = YES;
				SWIFT_UPCOMING_FEATURE_MEMBER_IMPORT_VISIBILITY = YES;
				SWIFT_VERSION = 6.0;
				TARGETED_DEVICE_FAMILY = "1,2";
				XROS_DEPLOYMENT_TARGET = 26.0;
			};
			name = Debug;
		};
		D0A299602E54AEA800DA64F7 /* Release */ = {
			isa = XCBuildConfiguration;
			buildSettings = {
				ASSETCATALOG_COMPILER_APPICON_NAME = AppIcon;
				ASSETCATALOG_COMPILER_GLOBAL_ACCENT_COLOR_NAME = AccentColor;
				CODE_SIGN_ENTITLEMENTS = DialedIn/DialedIn.entitlements;
				CODE_SIGN_STYLE = Automatic;
				CURRENT_PROJECT_VERSION = 1;
				DEBUG_INFORMATION_FORMAT = "dwarf-with-dsym";
				DEVELOPMENT_TEAM = VRNWC32C76;
				ENABLE_APP_SANDBOX = YES;
				ENABLE_HARDENED_RUNTIME = YES;
				ENABLE_PREVIEWS = YES;
				ENABLE_USER_SELECTED_FILES = readonly;
				GENERATE_INFOPLIST_FILE = YES;
				INFOPLIST_FILE = DialedIn/Info.plist;
				INFOPLIST_KEY_CFBundleDisplayName = "DialedIn - Dev";
				INFOPLIST_KEY_LSApplicationCategoryType = "public.app-category.healthcare-fitness";
				INFOPLIST_KEY_NSCalendarsUsageDescription = "We use your calendar to schedule workouts and reminders.";
				INFOPLIST_KEY_NSHealthShareUsageDescription = "This app reads your workout and heart data to track sessions and show metrics.";
				INFOPLIST_KEY_NSHealthUpdateUsageDescription = "This app writes workouts and active energy to your Health data.";
				INFOPLIST_KEY_NSSupportsLiveActivities = YES;
				INFOPLIST_KEY_NSSupportsLiveActivitiesFrequentUpdates = YES;
				INFOPLIST_KEY_NSUserTrackingUsageDescription = "Your data will be used to deliver personalised ads and experiences";
				"INFOPLIST_KEY_UIApplicationSceneManifest_Generation[sdk=iphoneos*]" = YES;
				"INFOPLIST_KEY_UIApplicationSceneManifest_Generation[sdk=iphonesimulator*]" = YES;
				"INFOPLIST_KEY_UIApplicationSupportsIndirectInputEvents[sdk=iphoneos*]" = YES;
				"INFOPLIST_KEY_UIApplicationSupportsIndirectInputEvents[sdk=iphonesimulator*]" = YES;
				"INFOPLIST_KEY_UILaunchScreen_Generation[sdk=iphoneos*]" = YES;
				"INFOPLIST_KEY_UILaunchScreen_Generation[sdk=iphonesimulator*]" = YES;
				INFOPLIST_KEY_UILaunchStoryboardName = LaunchScreen;
				"INFOPLIST_KEY_UIStatusBarStyle[sdk=iphoneos*]" = UIStatusBarStyleDefault;
				"INFOPLIST_KEY_UIStatusBarStyle[sdk=iphonesimulator*]" = UIStatusBarStyleDefault;
				INFOPLIST_KEY_UISupportedInterfaceOrientations_iPad = "UIInterfaceOrientationPortrait UIInterfaceOrientationPortraitUpsideDown UIInterfaceOrientationLandscapeLeft UIInterfaceOrientationLandscapeRight";
				INFOPLIST_KEY_UISupportedInterfaceOrientations_iPhone = "UIInterfaceOrientationPortrait UIInterfaceOrientationLandscapeLeft UIInterfaceOrientationLandscapeRight";
				IPHONEOS_DEPLOYMENT_TARGET = 26.0;
				LD_RUNPATH_SEARCH_PATHS = "@executable_path/Frameworks";
				"LD_RUNPATH_SEARCH_PATHS[sdk=macosx*]" = "@executable_path/../Frameworks";
				MACOSX_DEPLOYMENT_TARGET = 26.0;
				MARKETING_VERSION = 1.0;
				OTHER_LDFLAGS = "-ObjC";
				PRODUCT_BUNDLE_IDENTIFIER = com.andrewcoyle.DialedIn;
				PRODUCT_NAME = "$(TARGET_NAME)";
				REGISTER_APP_GROUPS = YES;
				SDKROOT = auto;
				STRING_CATALOG_GENERATE_SYMBOLS = YES;
				SUPPORTED_PLATFORMS = "iphoneos iphonesimulator";
				SUPPORTS_MACCATALYST = YES;
				SWIFT_APPROACHABLE_CONCURRENCY = YES;
				SWIFT_DEFAULT_ACTOR_ISOLATION = MainActor;
				SWIFT_EMIT_LOC_STRINGS = YES;
				SWIFT_UPCOMING_FEATURE_MEMBER_IMPORT_VISIBILITY = YES;
				SWIFT_VERSION = 6.0;
				TARGETED_DEVICE_FAMILY = "1,2";
				XROS_DEPLOYMENT_TARGET = 26.0;
			};
			name = Release;
		};
		D0A299622E54AEA800DA64F7 /* Debug */ = {
			isa = XCBuildConfiguration;
			buildSettings = {
				BUNDLE_LOADER = "$(TEST_HOST)";
				CODE_SIGN_STYLE = Automatic;
				CURRENT_PROJECT_VERSION = 1;
				DEVELOPMENT_TEAM = VRNWC32C76;
				GENERATE_INFOPLIST_FILE = YES;
				IPHONEOS_DEPLOYMENT_TARGET = 26.0;
				MACOSX_DEPLOYMENT_TARGET = 26.0;
				MARKETING_VERSION = 1.0;
				PRODUCT_BUNDLE_IDENTIFIER = com.andrewcoyle.DialedInTests;
				PRODUCT_NAME = "$(TARGET_NAME)";
				SDKROOT = auto;
				STRING_CATALOG_GENERATE_SYMBOLS = NO;
				SUPPORTED_PLATFORMS = "iphoneos iphonesimulator macosx xros xrsimulator";
				SWIFT_APPROACHABLE_CONCURRENCY = YES;
				SWIFT_EMIT_LOC_STRINGS = NO;
				SWIFT_UPCOMING_FEATURE_MEMBER_IMPORT_VISIBILITY = YES;
				SWIFT_VERSION = 5.0;
				TARGETED_DEVICE_FAMILY = "1,2,7";
				TEST_HOST = "$(BUILT_PRODUCTS_DIR)/DialedIn.app/$(BUNDLE_EXECUTABLE_FOLDER_PATH)/DialedIn";
				XROS_DEPLOYMENT_TARGET = 26.0;
			};
			name = Debug;
		};
		D0A299632E54AEA800DA64F7 /* Release */ = {
			isa = XCBuildConfiguration;
			buildSettings = {
				BUNDLE_LOADER = "$(TEST_HOST)";
				CODE_SIGN_STYLE = Automatic;
				CURRENT_PROJECT_VERSION = 1;
				DEVELOPMENT_TEAM = VRNWC32C76;
				GENERATE_INFOPLIST_FILE = YES;
				IPHONEOS_DEPLOYMENT_TARGET = 26.0;
				MACOSX_DEPLOYMENT_TARGET = 26.0;
				MARKETING_VERSION = 1.0;
				PRODUCT_BUNDLE_IDENTIFIER = com.andrewcoyle.DialedInTests;
				PRODUCT_NAME = "$(TARGET_NAME)";
				SDKROOT = auto;
				STRING_CATALOG_GENERATE_SYMBOLS = NO;
				SUPPORTED_PLATFORMS = "iphoneos iphonesimulator macosx xros xrsimulator";
				SWIFT_APPROACHABLE_CONCURRENCY = YES;
				SWIFT_EMIT_LOC_STRINGS = NO;
				SWIFT_UPCOMING_FEATURE_MEMBER_IMPORT_VISIBILITY = YES;
				SWIFT_VERSION = 5.0;
				TARGETED_DEVICE_FAMILY = "1,2,7";
				TEST_HOST = "$(BUILT_PRODUCTS_DIR)/DialedIn.app/$(BUNDLE_EXECUTABLE_FOLDER_PATH)/DialedIn";
				XROS_DEPLOYMENT_TARGET = 26.0;
			};
			name = Release;
		};
		D0A299652E54AEA800DA64F7 /* Debug */ = {
			isa = XCBuildConfiguration;
			buildSettings = {
				CODE_SIGN_STYLE = Automatic;
				CURRENT_PROJECT_VERSION = 1;
				DEVELOPMENT_TEAM = VRNWC32C76;
				GENERATE_INFOPLIST_FILE = YES;
				IPHONEOS_DEPLOYMENT_TARGET = 26.0;
				MACOSX_DEPLOYMENT_TARGET = 26.0;
				MARKETING_VERSION = 1.0;
				PRODUCT_BUNDLE_IDENTIFIER = com.andrewcoyle.DialedInUITests;
				PRODUCT_NAME = "$(TARGET_NAME)";
				SDKROOT = auto;
				STRING_CATALOG_GENERATE_SYMBOLS = NO;
				SUPPORTED_PLATFORMS = "iphoneos iphonesimulator macosx xros xrsimulator";
				SWIFT_APPROACHABLE_CONCURRENCY = YES;
				SWIFT_EMIT_LOC_STRINGS = NO;
				SWIFT_UPCOMING_FEATURE_MEMBER_IMPORT_VISIBILITY = YES;
				SWIFT_VERSION = 5.0;
				TARGETED_DEVICE_FAMILY = "1,2,7";
				TEST_TARGET_NAME = DialedIn;
				XROS_DEPLOYMENT_TARGET = 26.0;
			};
			name = Debug;
		};
		D0A299662E54AEA800DA64F7 /* Release */ = {
			isa = XCBuildConfiguration;
			buildSettings = {
				CODE_SIGN_STYLE = Automatic;
				CURRENT_PROJECT_VERSION = 1;
				DEVELOPMENT_TEAM = VRNWC32C76;
				GENERATE_INFOPLIST_FILE = YES;
				IPHONEOS_DEPLOYMENT_TARGET = 26.0;
				MACOSX_DEPLOYMENT_TARGET = 26.0;
				MARKETING_VERSION = 1.0;
				PRODUCT_BUNDLE_IDENTIFIER = com.andrewcoyle.DialedInUITests;
				PRODUCT_NAME = "$(TARGET_NAME)";
				SDKROOT = auto;
				STRING_CATALOG_GENERATE_SYMBOLS = NO;
				SUPPORTED_PLATFORMS = "iphoneos iphonesimulator macosx xros xrsimulator";
				SWIFT_APPROACHABLE_CONCURRENCY = YES;
				SWIFT_EMIT_LOC_STRINGS = NO;
				SWIFT_UPCOMING_FEATURE_MEMBER_IMPORT_VISIBILITY = YES;
				SWIFT_VERSION = 5.0;
				TARGETED_DEVICE_FAMILY = "1,2,7";
				TEST_TARGET_NAME = DialedIn;
				XROS_DEPLOYMENT_TARGET = 26.0;
			};
			name = Release;
		};
/* End XCBuildConfiguration section */

/* Begin XCConfigurationList section */
		D08F585D2E8BF61D001D3980 /* Build configuration list for PBXNativeTarget "WorkoutSessionActivityExtension" */ = {
			isa = XCConfigurationList;
			buildConfigurations = (
				D08F58592E8BF61D001D3980 /* Debug */,
				D08F585A2E8BF61D001D3980 /* Mock */,
				D08F585B2E8BF61D001D3980 /* Release */,
			);
			defaultConfigurationIsVisible = 0;
			defaultConfigurationName = Release;
		};
		D0A299382E54AEA700DA64F7 /* Build configuration list for PBXProject "DialedIn" */ = {
			isa = XCConfigurationList;
			buildConfigurations = (
				D0A2995C2E54AEA800DA64F7 /* Debug */,
				D014316D2E54B47D0053AD15 /* Mock */,
				D0A2995D2E54AEA800DA64F7 /* Release */,
			);
			defaultConfigurationIsVisible = 0;
			defaultConfigurationName = Release;
		};
		D0A2995E2E54AEA800DA64F7 /* Build configuration list for PBXNativeTarget "DialedIn" */ = {
			isa = XCConfigurationList;
			buildConfigurations = (
				D0A2995F2E54AEA800DA64F7 /* Debug */,
				D014316E2E54B47D0053AD15 /* Mock */,
				D0A299602E54AEA800DA64F7 /* Release */,
			);
			defaultConfigurationIsVisible = 0;
			defaultConfigurationName = Release;
		};
		D0A299612E54AEA800DA64F7 /* Build configuration list for PBXNativeTarget "DialedInTests" */ = {
			isa = XCConfigurationList;
			buildConfigurations = (
				D0A299622E54AEA800DA64F7 /* Debug */,
				D014316F2E54B47D0053AD15 /* Mock */,
				D0A299632E54AEA800DA64F7 /* Release */,
			);
			defaultConfigurationIsVisible = 0;
			defaultConfigurationName = Release;
		};
		D0A299642E54AEA800DA64F7 /* Build configuration list for PBXNativeTarget "DialedInUITests" */ = {
			isa = XCConfigurationList;
			buildConfigurations = (
				D0A299652E54AEA800DA64F7 /* Debug */,
				D01431702E54B47D0053AD15 /* Mock */,
				D0A299662E54AEA800DA64F7 /* Release */,
			);
			defaultConfigurationIsVisible = 0;
			defaultConfigurationName = Release;
		};
/* End XCConfigurationList section */

/* Begin XCRemoteSwiftPackageReference section */
		D0675C592E8DC1F7009FDCFD /* XCRemoteSwiftPackageReference "SDWebImageSwiftUI" */ = {
			isa = XCRemoteSwiftPackageReference;
			repositoryURL = "https://github.com/SDWebImage/SDWebImageSwiftUI.git";
			requirement = {
				kind = exactVersion;
				version = 3.1.2;
			};
		};
		D0675C5C2E8DC264009FDCFD /* XCRemoteSwiftPackageReference "firebase-ios-sdk" */ = {
			isa = XCRemoteSwiftPackageReference;
			repositoryURL = "https://github.com/firebase/firebase-ios-sdk";
			requirement = {
				kind = exactVersion;
				version = 11.3.0;
			};
		};
		D0675C6D2E8DC2C3009FDCFD /* XCRemoteSwiftPackageReference "SwiftfulUtilities" */ = {
			isa = XCRemoteSwiftPackageReference;
			repositoryURL = "https://github.com/SwiftfulThinking/SwiftfulUtilities.git";
			requirement = {
				kind = exactVersion;
				version = 1.1.0;
			};
		};
		D0675C702E8DC2DF009FDCFD /* XCRemoteSwiftPackageReference "SwiftfulFirestore" */ = {
			isa = XCRemoteSwiftPackageReference;
			repositoryURL = "https://github.com/SwiftfulThinking/SwiftfulFirestore.git";
			requirement = {
				kind = upToNextMajorVersion;
				minimumVersion = 11.0.2;
			};
		};
		D0675C732E8DC35E009FDCFD /* XCRemoteSwiftPackageReference "SignInAppleAsync" */ = {
			isa = XCRemoteSwiftPackageReference;
			repositoryURL = "https://github.com/SwiftfulThinking/SignInAppleAsync.git";
			requirement = {
				kind = exactVersion;
				version = 1.0.0;
			};
		};
		D0675C762E8DC3A2009FDCFD /* XCRemoteSwiftPackageReference "OpenAI" */ = {
			isa = XCRemoteSwiftPackageReference;
			repositoryURL = "https://github.com/MacPaw/OpenAI.git";
			requirement = {
				kind = exactVersion;
				version = 0.3.0;
			};
		};
		D0675DBC2E8DC878009FDCFD /* XCRemoteSwiftPackageReference "mixpanel-swift" */ = {
			isa = XCRemoteSwiftPackageReference;
			repositoryURL = "https://github.com/mixpanel/mixpanel-swift.git";
			requirement = {
				branch = master;
				kind = branch;
			};
		};
/* End XCRemoteSwiftPackageReference section */

/* Begin XCSwiftPackageProductDependency section */
		D0675C5A2E8DC1F7009FDCFD /* SDWebImageSwiftUI */ = {
			isa = XCSwiftPackageProductDependency;
			package = D0675C592E8DC1F7009FDCFD /* XCRemoteSwiftPackageReference "SDWebImageSwiftUI" */;
			productName = SDWebImageSwiftUI;
		};
		D0675C5D2E8DC264009FDCFD /* FirebaseAnalytics */ = {
			isa = XCSwiftPackageProductDependency;
			package = D0675C5C2E8DC264009FDCFD /* XCRemoteSwiftPackageReference "firebase-ios-sdk" */;
			productName = FirebaseAnalytics;
		};
		D0675C5F2E8DC264009FDCFD /* FirebaseAppCheck */ = {
			isa = XCSwiftPackageProductDependency;
			package = D0675C5C2E8DC264009FDCFD /* XCRemoteSwiftPackageReference "firebase-ios-sdk" */;
			productName = FirebaseAppCheck;
		};
		D0675C612E8DC264009FDCFD /* FirebaseAuth */ = {
			isa = XCSwiftPackageProductDependency;
			package = D0675C5C2E8DC264009FDCFD /* XCRemoteSwiftPackageReference "firebase-ios-sdk" */;
			productName = FirebaseAuth;
		};
		D0675C632E8DC264009FDCFD /* FirebaseCore */ = {
			isa = XCSwiftPackageProductDependency;
			package = D0675C5C2E8DC264009FDCFD /* XCRemoteSwiftPackageReference "firebase-ios-sdk" */;
			productName = FirebaseCore;
		};
		D0675C652E8DC264009FDCFD /* FirebaseCrashlytics */ = {
			isa = XCSwiftPackageProductDependency;
			package = D0675C5C2E8DC264009FDCFD /* XCRemoteSwiftPackageReference "firebase-ios-sdk" */;
			productName = FirebaseCrashlytics;
		};
		D0675C672E8DC264009FDCFD /* FirebaseFirestore */ = {
			isa = XCSwiftPackageProductDependency;
			package = D0675C5C2E8DC264009FDCFD /* XCRemoteSwiftPackageReference "firebase-ios-sdk" */;
			productName = FirebaseFirestore;
		};
		D0675C692E8DC264009FDCFD /* FirebaseFunctions */ = {
			isa = XCSwiftPackageProductDependency;
			package = D0675C5C2E8DC264009FDCFD /* XCRemoteSwiftPackageReference "firebase-ios-sdk" */;
			productName = FirebaseFunctions;
		};
		D0675C6B2E8DC264009FDCFD /* FirebaseStorage */ = {
			isa = XCSwiftPackageProductDependency;
			package = D0675C5C2E8DC264009FDCFD /* XCRemoteSwiftPackageReference "firebase-ios-sdk" */;
			productName = FirebaseStorage;
		};
		D0675C6E2E8DC2C3009FDCFD /* SwiftfulUtilities */ = {
			isa = XCSwiftPackageProductDependency;
			package = D0675C6D2E8DC2C3009FDCFD /* XCRemoteSwiftPackageReference "SwiftfulUtilities" */;
			productName = SwiftfulUtilities;
		};
		D0675C712E8DC2DF009FDCFD /* SwiftfulFirestore */ = {
			isa = XCSwiftPackageProductDependency;
			package = D0675C702E8DC2DF009FDCFD /* XCRemoteSwiftPackageReference "SwiftfulFirestore" */;
			productName = SwiftfulFirestore;
		};
		D0675C742E8DC35E009FDCFD /* SignInAppleAsync */ = {
			isa = XCSwiftPackageProductDependency;
			package = D0675C732E8DC35E009FDCFD /* XCRemoteSwiftPackageReference "SignInAppleAsync" */;
			productName = SignInAppleAsync;
		};
		D0675C772E8DC3A2009FDCFD /* OpenAI */ = {
			isa = XCSwiftPackageProductDependency;
			package = D0675C762E8DC3A2009FDCFD /* XCRemoteSwiftPackageReference "OpenAI" */;
			productName = OpenAI;
		};
		D0675DBD2E8DC878009FDCFD /* Mixpanel */ = {
			isa = XCSwiftPackageProductDependency;
			package = D0675DBC2E8DC878009FDCFD /* XCRemoteSwiftPackageReference "mixpanel-swift" */;
			productName = Mixpanel;
		};
/* End XCSwiftPackageProductDependency section */
	};
	rootObject = D0A299352E54AEA700DA64F7 /* Project object */;
}
